
Microsoft Visual Studio Solution File, Format Version 12.00
# Visual Studio Version 17
VisualStudioVersion = 17.12.35707.178 d17.12
MinimumVisualStudioVersion = 10.0.40219.1
Project("{FAE04EC0-301F-11D3-BF4B-00C04F79EFBC}") = "Task8_1", "Task8_1\Task8_1.csproj", "{B02219D3-05C7-4FCF-9A0F-A6EF2792B0E5}"
EndProject
Project("{FAE04EC0-301F-11D3-BF4B-00C04F79EFBC}") = "Task8_2", "Task8_2\Task8_2.csproj", "{86CFF74C-8E93-454A-8922-B95552D90751}"
EndProject
Global
	GlobalSection(SolutionConfigurationPlatforms) = preSolution
		Debug|Any CPU = Debug|Any CPU
		Release|Any CPU = Release|Any CPU
	EndGlobalSection
	GlobalSection(ProjectConfigurationPlatforms) = postSolution
		{B02219D3-05C7-4FCF-9A0F-A6EF2792B0E5}.Debug|Any CPU.ActiveCfg = Debug|Any CPU
		{B02219D3-05C7-4FCF-9A0F-A6EF2792B0E5}.Debug|Any CPU.Build.0 = Debug|Any CPU
		{B02219D3-05C7-4FCF-9A0F-A6EF2792B0E5}.Release|Any CPU.ActiveCfg = Release|Any CPU
		{B02219D3-05C7-4FCF-9A0F-A6EF2792B0E5}.Release|Any CPU.Build.0 = Release|Any CPU
		{86CFF74C-8E93-454A-8922-B95552D90751}.Debug|Any CPU.ActiveCfg = Debug|Any CPU
		{86CFF74C-8E93-454A-8922-B95552D90751}.Debug|Any CPU.Build.0 = Debug|Any CPU
		{86CFF74C-8E93-454A-8922-B95552D90751}.Release|Any CPU.ActiveCfg = Release|Any CPU
		{86CFF74C-8E93-454A-8922-B95552D90751}.Release|Any CPU.Build.0 = Release|Any CPU
	EndGlobalSection
	GlobalSection(SolutionProperties) = preSolution
		HideSolutionNode = FALSE
	EndGlobalSection
EndGlobal
